
Microsoft Visual Studio Solution File, Format Version 12.00
# Visual Studio 15
VisualStudioVersion = 15.0.27130.2010
MinimumVisualStudioVersion = 10.0.40219.1
Project("{8BC9CEB8-8B4A-11D0-8D11-00A0C91BC942}") = "libiconv_static", "libiconv_static\libiconv_static.vcxproj", "{9E87D7E6-B6C4-456A-A2F1-A7B3FD641D01}"
EndProject
Project("{8BC9CEB8-8B4A-11D0-8D11-00A0C91BC942}") = "libiconv_dll", "libiconv_dll\libiconv_dll.vcxproj", "{95BCE887-3CFE-4165-9F26-2F601F788213}"
EndProject
Global
	GlobalSection(SolutionConfigurationPlatforms) = preSolution
		Debug|x64 = Debug|x64
		Debug|x86 = Debug|x86
		Release|x64 = Release|x64
		Release|x86 = Release|x86
	EndGlobalSection
	GlobalSection(ProjectConfigurationPlatforms) = postSolution
		{9E87D7E6-B6C4-456A-A2F1-A7B3FD641D01}.Debug|x64.ActiveCfg = Debug|x64
		{9E87D7E6-B6C4-456A-A2F1-A7B3FD641D01}.Debug|x64.Build.0 = Debug|x64
		{9E87D7E6-B6C4-456A-A2F1-A7B3FD641D01}.Debug|x86.ActiveCfg = Debug|Win32
		{9E87D7E6-B6C4-456A-A2F1-A7B3FD641D01}.Debug|x86.Build.0 = Debug|Win32
		{9E87D7E6-B6C4-456A-A2F1-A7B3FD641D01}.Release|x64.ActiveCfg = Release|x64
		{9E87D7E6-B6C4-456A-A2F1-A7B3FD641D01}.Release|x64.Build.0 = Release|x64
		{9E87D7E6-B6C4-456A-A2F1-A7B3FD641D01}.Release|x86.ActiveCfg = Release|Win32
		{9E87D7E6-B6C4-456A-A2F1-A7B3FD641D01}.Release|x86.Build.0 = Release|Win32
		{95BCE887-3CFE-4165-9F26-2F601F788213}.Debug|x64.ActiveCfg = Debug|x64
		{95BCE887-3CFE-4165-9F26-2F601F788213}.Debug|x64.Build.0 = Debug|x64
		{95BCE887-3CFE-4165-9F26-2F601F788213}.Debug|x86.ActiveCfg = Debug|Win32
		{95BCE887-3CFE-4165-9F26-2F601F788213}.Debug|x86.Build.0 = Debug|Win32
		{95BCE887-3CFE-4165-9F26-2F601F788213}.Release|x64.ActiveCfg = Release|x64
		{95BCE887-3CFE-4165-9F26-2F601F788213}.Release|x64.Build.0 = Release|x64
		{95BCE887-3CFE-4165-9F26-2F601F788213}.Release|x86.ActiveCfg = Release|Win32
		{95BCE887-3CFE-4165-9F26-2F601F788213}.Release|x86.Build.0 = Release|Win32
	EndGlobalSection
	GlobalSection(SolutionProperties) = preSolution
		HideSolutionNode = FALSE
	EndGlobalSection
	GlobalSection(ExtensibilityGlobals) = postSolution
		SolutionGuid = {2750DC18-307B-4862-ACF6-347CCE1DBE27}
	EndGlobalSection
EndGlobal
